
Microsoft Visual Studio Solution File, Format Version 12.00
# Visual Studio Version 17
VisualStudioVersion = 17.11.35327.3
MinimumVisualStudioVersion = 10.0.40219.1
Project("{FAE04EC0-301F-11D3-BF4B-00C04F79EFBC}") = "q", "q.csproj", "{ACED6650-0177-45CA-8D51-450E3B90CE22}"
EndProject
Global
	GlobalSection(SolutionConfigurationPlatforms) = preSolution
		Debug|Any CPU = Debug|Any CPU
		Release|Any CPU = Release|Any CPU
	EndGlobalSection
	GlobalSection(ProjectConfigurationPlatforms) = postSolution
		{ACED6650-0177-45CA-8D51-450E3B90CE22}.Debug|Any CPU.ActiveCfg = Debug|Any CPU
		{ACED6650-0177-45CA-8D51-450E3B90CE22}.Debug|Any CPU.Build.0 = Debug|Any CPU
		{ACED6650-0177-45CA-8D51-450E3B90CE22}.Release|Any CPU.ActiveCfg = Release|Any CPU
		{ACED6650-0177-45CA-8D51-450E3B90CE22}.Release|Any CPU.Build.0 = Release|Any CPU
	EndGlobalSection
	GlobalSection(SolutionProperties) = preSolution
		HideSolutionNode = FALSE
	EndGlobalSection
	GlobalSection(ExtensibilityGlobals) = postSolution
		SolutionGuid = {30FD688C-8CF3-4D31-9C3D-2184C4EC48A0}
	EndGlobalSection
EndGlobal
